// !$*UTF8*$!
{
	archiveVersion = 1;
	classes = {
	};
	objectVersion = 56;
	objects = {

/* Begin PBXBuildFile section */
		080212E229F79FAD00732A4C /* SearchResultsViewController.swift in Sources */ = {isa = PBXBuildFile; fileRef = 080212E129F79FAD00732A4C /* SearchResultsViewController.swift */; };
		080212E429F7A02D00732A4C /* MovieDetailsViewController.swift in Sources */ = {isa = PBXBuildFile; fileRef = 080212E329F7A02D00732A4C /* MovieDetailsViewController.swift */; };
		08125BC629F0BA4600F604BF /* MovieManager.swift in Sources */ = {isa = PBXBuildFile; fileRef = 08125BC529F0BA4600F604BF /* MovieManager.swift */; };
		08125BC829F0C3EF00F604BF /* MovieData.swift in Sources */ = {isa = PBXBuildFile; fileRef = 08125BC729F0C3EF00F604BF /* MovieData.swift */; };
		0815C2A129EF6A340052E5D2 /* AppDelegate.swift in Sources */ = {isa = PBXBuildFile; fileRef = 0815C2A029EF6A340052E5D2 /* AppDelegate.swift */; };
		0815C2A329EF6A340052E5D2 /* SceneDelegate.swift in Sources */ = {isa = PBXBuildFile; fileRef = 0815C2A229EF6A340052E5D2 /* SceneDelegate.swift */; };
		0815C2A529EF6A340052E5D2 /* SearchViewController.swift in Sources */ = {isa = PBXBuildFile; fileRef = 0815C2A429EF6A340052E5D2 /* SearchViewController.swift */; };
		0815C2A829EF6A340052E5D2 /* Main.storyboard in Resources */ = {isa = PBXBuildFile; fileRef = 0815C2A629EF6A340052E5D2 /* Main.storyboard */; };
		0815C2AA29EF6A360052E5D2 /* Assets.xcassets in Resources */ = {isa = PBXBuildFile; fileRef = 0815C2A929EF6A360052E5D2 /* Assets.xcassets */; };
		0815C2AD29EF6A360052E5D2 /* LaunchScreen.storyboard in Resources */ = {isa = PBXBuildFile; fileRef = 0815C2AB29EF6A360052E5D2 /* LaunchScreen.storyboard */; };
		0815C2B829EF6A360052E5D2 /* CineCompassTests.swift in Sources */ = {isa = PBXBuildFile; fileRef = 0815C2B729EF6A360052E5D2 /* CineCompassTests.swift */; };
		0815C2C229EF6A360052E5D2 /* CineCompassUITests.swift in Sources */ = {isa = PBXBuildFile; fileRef = 0815C2C129EF6A360052E5D2 /* CineCompassUITests.swift */; };
		0815C2C429EF6A360052E5D2 /* CineCompassUITestsLaunchTests.swift in Sources */ = {isa = PBXBuildFile; fileRef = 0815C2C329EF6A360052E5D2 /* CineCompassUITestsLaunchTests.swift */; };
		0833100829F37A08004F76A6 /* MovieDetailsDataResponse.swift in Sources */ = {isa = PBXBuildFile; fileRef = 0833100729F37A08004F76A6 /* MovieDetailsDataResponse.swift */; };
		0859469029F7E36500B803CF /* Constants.swift in Sources */ = {isa = PBXBuildFile; fileRef = 0859468F29F7E36500B803CF /* Constants.swift */; };
		0859469329F7EA6100B803CF /* MovieCell.swift in Sources */ = {isa = PBXBuildFile; fileRef = 0859469129F7EA6100B803CF /* MovieCell.swift */; };
		0859469429F7EA6100B803CF /* MovieCell.xib in Resources */ = {isa = PBXBuildFile; fileRef = 0859469229F7EA6100B803CF /* MovieCell.xib */; };
		0888EABE29FA4CA400F6FAF3 /* Kingfisher in Frameworks */ = {isa = PBXBuildFile; productRef = 0888EABD29FA4CA400F6FAF3 /* Kingfisher */; };
/* End PBXBuildFile section */

/* Begin PBXContainerItemProxy section */
		0815C2B429EF6A360052E5D2 /* PBXContainerItemProxy */ = {
			isa = PBXContainerItemProxy;
			containerPortal = 0815C29529EF6A340052E5D2 /* Project object */;
			proxyType = 1;
			remoteGlobalIDString = 0815C29C29EF6A340052E5D2;
			remoteInfo = CineCompass;
		};
		0815C2BE29EF6A360052E5D2 /* PBXContainerItemProxy */ = {
			isa = PBXContainerItemProxy;
			containerPortal = 0815C29529EF6A340052E5D2 /* Project object */;
			proxyType = 1;
			remoteGlobalIDString = 0815C29C29EF6A340052E5D2;
			remoteInfo = CineCompass;
		};
/* End PBXContainerItemProxy section */

/* Begin PBXFileReference section */
		080212E129F79FAD00732A4C /* SearchResultsViewController.swift */ = {isa = PBXFileReference; lastKnownFileType = sourcecode.swift; path = SearchResultsViewController.swift; sourceTree = "<group>"; };
		080212E329F7A02D00732A4C /* MovieDetailsViewController.swift */ = {isa = PBXFileReference; lastKnownFileType = sourcecode.swift; path = MovieDetailsViewController.swift; sourceTree = "<group>"; };
		08125BC529F0BA4600F604BF /* MovieManager.swift */ = {isa = PBXFileReference; lastKnownFileType = sourcecode.swift; path = MovieManager.swift; sourceTree = "<group>"; };
		08125BC729F0C3EF00F604BF /* MovieData.swift */ = {isa = PBXFileReference; lastKnownFileType = sourcecode.swift; path = MovieData.swift; sourceTree = "<group>"; };
		0815C29D29EF6A340052E5D2 /* CineCompass.app */ = {isa = PBXFileReference; explicitFileType = wrapper.application; includeInIndex = 0; path = CineCompass.app; sourceTree = BUILT_PRODUCTS_DIR; };
		0815C2A029EF6A340052E5D2 /* AppDelegate.swift */ = {isa = PBXFileReference; lastKnownFileType = sourcecode.swift; path = AppDelegate.swift; sourceTree = "<group>"; };
		0815C2A229EF6A340052E5D2 /* SceneDelegate.swift */ = {isa = PBXFileReference; lastKnownFileType = sourcecode.swift; path = SceneDelegate.swift; sourceTree = "<group>"; };
		0815C2A429EF6A340052E5D2 /* SearchViewController.swift */ = {isa = PBXFileReference; lastKnownFileType = sourcecode.swift; path = SearchViewController.swift; sourceTree = "<group>"; };
		0815C2A729EF6A340052E5D2 /* Base */ = {isa = PBXFileReference; lastKnownFileType = file.storyboard; name = Base; path = Base.lproj/Main.storyboard; sourceTree = "<group>"; };
		0815C2A929EF6A360052E5D2 /* Assets.xcassets */ = {isa = PBXFileReference; lastKnownFileType = folder.assetcatalog; path = Assets.xcassets; sourceTree = "<group>"; };
		0815C2AC29EF6A360052E5D2 /* Base */ = {isa = PBXFileReference; lastKnownFileType = file.storyboard; name = Base; path = Base.lproj/LaunchScreen.storyboard; sourceTree = "<group>"; };
		0815C2AE29EF6A360052E5D2 /* Info.plist */ = {isa = PBXFileReference; lastKnownFileType = text.plist.xml; path = Info.plist; sourceTree = "<group>"; };
		0815C2B329EF6A360052E5D2 /* CineCompassTests.xctest */ = {isa = PBXFileReference; explicitFileType = wrapper.cfbundle; includeInIndex = 0; path = CineCompassTests.xctest; sourceTree = BUILT_PRODUCTS_DIR; };
		0815C2B729EF6A360052E5D2 /* CineCompassTests.swift */ = {isa = PBXFileReference; lastKnownFileType = sourcecode.swift; path = CineCompassTests.swift; sourceTree = "<group>"; };
		0815C2BD29EF6A360052E5D2 /* CineCompassUITests.xctest */ = {isa = PBXFileReference; explicitFileType = wrapper.cfbundle; includeInIndex = 0; path = CineCompassUITests.xctest; sourceTree = BUILT_PRODUCTS_DIR; };
		0815C2C129EF6A360052E5D2 /* CineCompassUITests.swift */ = {isa = PBXFileReference; lastKnownFileType = sourcecode.swift; path = CineCompassUITests.swift; sourceTree = "<group>"; };
		0815C2C329EF6A360052E5D2 /* CineCompassUITestsLaunchTests.swift */ = {isa = PBXFileReference; lastKnownFileType = sourcecode.swift; path = CineCompassUITestsLaunchTests.swift; sourceTree = "<group>"; };
		0833100729F37A08004F76A6 /* MovieDetailsDataResponse.swift */ = {isa = PBXFileReference; lastKnownFileType = sourcecode.swift; path = MovieDetailsDataResponse.swift; sourceTree = "<group>"; };
		0859468F29F7E36500B803CF /* Constants.swift */ = {isa = PBXFileReference; lastKnownFileType = sourcecode.swift; path = Constants.swift; sourceTree = "<group>"; };
		0859469129F7EA6100B803CF /* MovieCell.swift */ = {isa = PBXFileReference; lastKnownFileType = sourcecode.swift; path = MovieCell.swift; sourceTree = "<group>"; };
		0859469229F7EA6100B803CF /* MovieCell.xib */ = {isa = PBXFileReference; lastKnownFileType = file.xib; path = MovieCell.xib; sourceTree = "<group>"; };
/* End PBXFileReference section */

/* Begin PBXFrameworksBuildPhase section */
		0815C29A29EF6A340052E5D2 /* Frameworks */ = {
			isa = PBXFrameworksBuildPhase;
			buildActionMask = 2147483647;
			files = (
				0888EABE29FA4CA400F6FAF3 /* Kingfisher in Frameworks */,
			);
			runOnlyForDeploymentPostprocessing = 0;
		};
		0815C2B029EF6A360052E5D2 /* Frameworks */ = {
			isa = PBXFrameworksBuildPhase;
			buildActionMask = 2147483647;
			files = (
			);
			runOnlyForDeploymentPostprocessing = 0;
		};
		0815C2BA29EF6A360052E5D2 /* Frameworks */ = {
			isa = PBXFrameworksBuildPhase;
			buildActionMask = 2147483647;
			files = (
			);
			runOnlyForDeploymentPostprocessing = 0;
		};
/* End PBXFrameworksBuildPhase section */

/* Begin PBXGroup section */
		08125BC229F0BA1300F604BF /* View */ = {
			isa = PBXGroup;
			children = (
				0815C2A629EF6A340052E5D2 /* Main.storyboard */,
				0859469129F7EA6100B803CF /* MovieCell.swift */,
				0859469229F7EA6100B803CF /* MovieCell.xib */,
			);
			path = View;
			sourceTree = "<group>";
		};
		08125BC329F0BA1C00F604BF /* Controller */ = {
			isa = PBXGroup;
			children = (
				0815C2A429EF6A340052E5D2 /* SearchViewController.swift */,
				080212E129F79FAD00732A4C /* SearchResultsViewController.swift */,
				080212E329F7A02D00732A4C /* MovieDetailsViewController.swift */,
			);
			path = Controller;
			sourceTree = "<group>";
		};
		08125BC429F0BA2400F604BF /* Model */ = {
			isa = PBXGroup;
			children = (
				08125BC529F0BA4600F604BF /* MovieManager.swift */,
				08125BC729F0C3EF00F604BF /* MovieData.swift */,
				0833100729F37A08004F76A6 /* MovieDetailsDataResponse.swift */,
			);
			path = Model;
			sourceTree = "<group>";
		};
		0815C29429EF6A340052E5D2 = {
			isa = PBXGroup;
			children = (
				0815C29F29EF6A340052E5D2 /* CineCompass */,
				0815C2B629EF6A360052E5D2 /* CineCompassTests */,
				0815C2C029EF6A360052E5D2 /* CineCompassUITests */,
				0815C29E29EF6A340052E5D2 /* Products */,
			);
			sourceTree = "<group>";
		};
		0815C29E29EF6A340052E5D2 /* Products */ = {
			isa = PBXGroup;
			children = (
				0815C29D29EF6A340052E5D2 /* CineCompass.app */,
				0815C2B329EF6A360052E5D2 /* CineCompassTests.xctest */,
				0815C2BD29EF6A360052E5D2 /* CineCompassUITests.xctest */,
			);
			name = Products;
			sourceTree = "<group>";
		};
		0815C29F29EF6A340052E5D2 /* CineCompass */ = {
			isa = PBXGroup;
			children = (
				0815C2A029EF6A340052E5D2 /* AppDelegate.swift */,
				0815C2A229EF6A340052E5D2 /* SceneDelegate.swift */,
				08125BC429F0BA2400F604BF /* Model */,
				08125BC329F0BA1C00F604BF /* Controller */,
				08125BC229F0BA1300F604BF /* View */,
				0815C2A929EF6A360052E5D2 /* Assets.xcassets */,
				0815C2AB29EF6A360052E5D2 /* LaunchScreen.storyboard */,
				0815C2AE29EF6A360052E5D2 /* Info.plist */,
				0859468F29F7E36500B803CF /* Constants.swift */,
			);
			path = CineCompass;
			sourceTree = "<group>";
		};
		0815C2B629EF6A360052E5D2 /* CineCompassTests */ = {
			isa = PBXGroup;
			children = (
				0815C2B729EF6A360052E5D2 /* CineCompassTests.swift */,
			);
			path = CineCompassTests;
			sourceTree = "<group>";
		};
		0815C2C029EF6A360052E5D2 /* CineCompassUITests */ = {
			isa = PBXGroup;
			children = (
				0815C2C129EF6A360052E5D2 /* CineCompassUITests.swift */,
				0815C2C329EF6A360052E5D2 /* CineCompassUITestsLaunchTests.swift */,
			);
			path = CineCompassUITests;
			sourceTree = "<group>";
		};
/* End PBXGroup section */

/* Begin PBXNativeTarget section */
		0815C29C29EF6A340052E5D2 /* CineCompass */ = {
			isa = PBXNativeTarget;
			buildConfigurationList = 0815C2C729EF6A360052E5D2 /* Build configuration list for PBXNativeTarget "CineCompass" */;
			buildPhases = (
				0815C29929EF6A340052E5D2 /* Sources */,
				0815C29A29EF6A340052E5D2 /* Frameworks */,
				0815C29B29EF6A340052E5D2 /* Resources */,
			);
			buildRules = (
			);
			dependencies = (
			);
			name = CineCompass;
			packageProductDependencies = (
				0888EABD29FA4CA400F6FAF3 /* Kingfisher */,
			);
			productName = CineCompass;
			productReference = 0815C29D29EF6A340052E5D2 /* CineCompass.app */;
			productType = "com.apple.product-type.application";
		};
		0815C2B229EF6A360052E5D2 /* CineCompassTests */ = {
			isa = PBXNativeTarget;
			buildConfigurationList = 0815C2CA29EF6A360052E5D2 /* Build configuration list for PBXNativeTarget "CineCompassTests" */;
			buildPhases = (
				0815C2AF29EF6A360052E5D2 /* Sources */,
				0815C2B029EF6A360052E5D2 /* Frameworks */,
				0815C2B129EF6A360052E5D2 /* Resources */,
			);
			buildRules = (
			);
			dependencies = (
				0815C2B529EF6A360052E5D2 /* PBXTargetDependency */,
			);
			name = CineCompassTests;
			productName = CineCompassTests;
			productReference = 0815C2B329EF6A360052E5D2 /* CineCompassTests.xctest */;
			productType = "com.apple.product-type.bundle.unit-test";
		};
		0815C2BC29EF6A360052E5D2 /* CineCompassUITests */ = {
			isa = PBXNativeTarget;
			buildConfigurationList = 0815C2CD29EF6A360052E5D2 /* Build configuration list for PBXNativeTarget "CineCompassUITests" */;
			buildPhases = (
				0815C2B929EF6A360052E5D2 /* Sources */,
				0815C2BA29EF6A360052E5D2 /* Frameworks */,
				0815C2BB29EF6A360052E5D2 /* Resources */,
			);
			buildRules = (
			);
			dependencies = (
				0815C2BF29EF6A360052E5D2 /* PBXTargetDependency */,
			);
			name = CineCompassUITests;
			productName = CineCompassUITests;
			productReference = 0815C2BD29EF6A360052E5D2 /* CineCompassUITests.xctest */;
			productType = "com.apple.product-type.bundle.ui-testing";
		};
/* End PBXNativeTarget section */

/* Begin PBXProject section */
		0815C29529EF6A340052E5D2 /* Project object */ = {
			isa = PBXProject;
			attributes = {
				BuildIndependentTargetsInParallel = 1;
				LastSwiftUpdateCheck = 1410;
				LastUpgradeCheck = 1410;
				TargetAttributes = {
					0815C29C29EF6A340052E5D2 = {
						CreatedOnToolsVersion = 14.1;
					};
					0815C2B229EF6A360052E5D2 = {
						CreatedOnToolsVersion = 14.1;
						TestTargetID = 0815C29C29EF6A340052E5D2;
					};
					0815C2BC29EF6A360052E5D2 = {
						CreatedOnToolsVersion = 14.1;
						TestTargetID = 0815C29C29EF6A340052E5D2;
					};
				};
			};
			buildConfigurationList = 0815C29829EF6A340052E5D2 /* Build configuration list for PBXProject "CineCompass" */;
			compatibilityVersion = "Xcode 14.0";
			developmentRegion = en;
			hasScannedForEncodings = 0;
			knownRegions = (
				en,
				Base,
			);
			mainGroup = 0815C29429EF6A340052E5D2;
			packageReferences = (
				0888EABC29FA4CA400F6FAF3 /* XCRemoteSwiftPackageReference "Kingfisher" */,
			);
			productRefGroup = 0815C29E29EF6A340052E5D2 /* Products */;
			projectDirPath = "";
			projectRoot = "";
			targets = (
				0815C29C29EF6A340052E5D2 /* CineCompass */,
				0815C2B229EF6A360052E5D2 /* CineCompassTests */,
				0815C2BC29EF6A360052E5D2 /* CineCompassUITests */,
			);
		};
/* End PBXProject section */

/* Begin PBXResourcesBuildPhase section */
		0815C29B29EF6A340052E5D2 /* Resources */ = {
			isa = PBXResourcesBuildPhase;
			buildActionMask = 2147483647;
			files = (
				0815C2AD29EF6A360052E5D2 /* LaunchScreen.storyboard in Resources */,
				0815C2AA29EF6A360052E5D2 /* Assets.xcassets in Resources */,
				0859469429F7EA6100B803CF /* MovieCell.xib in Resources */,
				0815C2A829EF6A340052E5D2 /* Main.storyboard in Resources */,
			);
			runOnlyForDeploymentPostprocessing = 0;
		};
		0815C2B129EF6A360052E5D2 /* Resources */ = {
			isa = PBXResourcesBuildPhase;
			buildActionMask = 2147483647;
			files = (
			);
			runOnlyForDeploymentPostprocessing = 0;
		};
		0815C2BB29EF6A360052E5D2 /* Resources */ = {
			isa = PBXResourcesBuildPhase;
			buildActionMask = 2147483647;
			files = (
			);
			runOnlyForDeploymentPostprocessing = 0;
		};
/* End PBXResourcesBuildPhase section */

/* Begin PBXSourcesBuildPhase section */
		0815C29929EF6A340052E5D2 /* Sources */ = {
			isa = PBXSourcesBuildPhase;
			buildActionMask = 2147483647;
			files = (
				080212E429F7A02D00732A4C /* MovieDetailsViewController.swift in Sources */,
				08125BC629F0BA4600F604BF /* MovieManager.swift in Sources */,
				0815C2A529EF6A340052E5D2 /* SearchViewController.swift in Sources */,
				0815C2A129EF6A340052E5D2 /* AppDelegate.swift in Sources */,
				0859469029F7E36500B803CF /* Constants.swift in Sources */,
				0833100829F37A08004F76A6 /* MovieDetailsDataResponse.swift in Sources */,
				08125BC829F0C3EF00F604BF /* MovieData.swift in Sources */,
				080212E229F79FAD00732A4C /* SearchResultsViewController.swift in Sources */,
				0859469329F7EA6100B803CF /* MovieCell.swift in Sources */,
				0815C2A329EF6A340052E5D2 /* SceneDelegate.swift in Sources */,
			);
			runOnlyForDeploymentPostprocessing = 0;
		};
		0815C2AF29EF6A360052E5D2 /* Sources */ = {
			isa = PBXSourcesBuildPhase;
			buildActionMask = 2147483647;
			files = (
				0815C2B829EF6A360052E5D2 /* CineCompassTests.swift in Sources */,
			);
			runOnlyForDeploymentPostprocessing = 0;
		};
		0815C2B929EF6A360052E5D2 /* Sources */ = {
			isa = PBXSourcesBuildPhase;
			buildActionMask = 2147483647;
			files = (
				0815C2C429EF6A360052E5D2 /* CineCompassUITestsLaunchTests.swift in Sources */,
				0815C2C229EF6A360052E5D2 /* CineCompassUITests.swift in Sources */,
			);
			runOnlyForDeploymentPostprocessing = 0;
		};
/* End PBXSourcesBuildPhase section */

/* Begin PBXTargetDependency section */
		0815C2B529EF6A360052E5D2 /* PBXTargetDependency */ = {
			isa = PBXTargetDependency;
			target = 0815C29C29EF6A340052E5D2 /* CineCompass */;
			targetProxy = 0815C2B429EF6A360052E5D2 /* PBXContainerItemProxy */;
		};
		0815C2BF29EF6A360052E5D2 /* PBXTargetDependency */ = {
			isa = PBXTargetDependency;
			target = 0815C29C29EF6A340052E5D2 /* CineCompass */;
			targetProxy = 0815C2BE29EF6A360052E5D2 /* PBXContainerItemProxy */;
		};
/* End PBXTargetDependency section */

/* Begin PBXVariantGroup section */
		0815C2A629EF6A340052E5D2 /* Main.storyboard */ = {
			isa = PBXVariantGroup;
			children = (
				0815C2A729EF6A340052E5D2 /* Base */,
			);
			name = Main.storyboard;
			sourceTree = "<group>";
		};
		0815C2AB29EF6A360052E5D2 /* LaunchScreen.storyboard */ = {
			isa = PBXVariantGroup;
			children = (
				0815C2AC29EF6A360052E5D2 /* Base */,
			);
			name = LaunchScreen.storyboard;
			sourceTree = "<group>";
		};
/* End PBXVariantGroup section */

/* Begin XCBuildConfiguration section */
		0815C2C529EF6A360052E5D2 /* Debug */ = {
			isa = XCBuildConfiguration;
			buildSettings = {
				ALWAYS_SEARCH_USER_PATHS = NO;
				CLANG_ANALYZER_NONNULL = YES;
				CLANG_ANALYZER_NUMBER_OBJECT_CONVERSION = YES_AGGRESSIVE;
				CLANG_CXX_LANGUAGE_STANDARD = "gnu++20";
				CLANG_ENABLE_MODULES = YES;
				CLANG_ENABLE_OBJC_ARC = YES;
				CLANG_ENABLE_OBJC_WEAK = YES;
				CLANG_WARN_BLOCK_CAPTURE_AUTORELEASING = YES;
				CLANG_WARN_BOOL_CONVERSION = YES;
				CLANG_WARN_COMMA = YES;
				CLANG_WARN_CONSTANT_CONVERSION = YES;
				CLANG_WARN_DEPRECATED_OBJC_IMPLEMENTATIONS = YES;
				CLANG_WARN_DIRECT_OBJC_ISA_USAGE = YES_ERROR;
				CLANG_WARN_DOCUMENTATION_COMMENTS = YES;
				CLANG_WARN_EMPTY_BODY = YES;
				CLANG_WARN_ENUM_CONVERSION = YES;
				CLANG_WARN_INFINITE_RECURSION = YES;
				CLANG_WARN_INT_CONVERSION = YES;
				CLANG_WARN_NON_LITERAL_NULL_CONVERSION = YES;
				CLANG_WARN_OBJC_IMPLICIT_RETAIN_SELF = YES;
				CLANG_WARN_OBJC_LITERAL_CONVERSION = YES;
				CLANG_WARN_OBJC_ROOT_CLASS = YES_ERROR;
				CLANG_WARN_QUOTED_INCLUDE_IN_FRAMEWORK_HEADER = YES;
				CLANG_WARN_RANGE_LOOP_ANALYSIS = YES;
				CLANG_WARN_STRICT_PROTOTYPES = YES;
				CLANG_WARN_SUSPICIOUS_MOVE = YES;
				CLANG_WARN_UNGUARDED_AVAILABILITY = YES_AGGRESSIVE;
				CLANG_WARN_UNREACHABLE_CODE = YES;
				CLANG_WARN__DUPLICATE_METHOD_MATCH = YES;
				COPY_PHASE_STRIP = NO;
				DEBUG_INFORMATION_FORMAT = dwarf;
				ENABLE_STRICT_OBJC_MSGSEND = YES;
				ENABLE_TESTABILITY = YES;
				GCC_C_LANGUAGE_STANDARD = gnu11;
				GCC_DYNAMIC_NO_PIC = NO;
				GCC_NO_COMMON_BLOCKS = YES;
				GCC_OPTIMIZATION_LEVEL = 0;
				GCC_PREPROCESSOR_DEFINITIONS = (
					"DEBUG=1",
					"$(inherited)",
				);
				GCC_WARN_64_TO_32_BIT_CONVERSION = YES;
				GCC_WARN_ABOUT_RETURN_TYPE = YES_ERROR;
				GCC_WARN_UNDECLARED_SELECTOR = YES;
				GCC_WARN_UNINITIALIZED_AUTOS = YES_AGGRESSIVE;
				GCC_WARN_UNUSED_FUNCTION = YES;
				GCC_WARN_UNUSED_VARIABLE = YES;
				IPHONEOS_DEPLOYMENT_TARGET = 16.1;
				MTL_ENABLE_DEBUG_INFO = INCLUDE_SOURCE;
				MTL_FAST_MATH = YES;
				ONLY_ACTIVE_ARCH = YES;
				SDKROOT = iphoneos;
				SWIFT_ACTIVE_COMPILATION_CONDITIONS = DEBUG;
				SWIFT_OPTIMIZATION_LEVEL = "-Onone";
			};
			name = Debug;
		};
		0815C2C629EF6A360052E5D2 /* Release */ = {
			isa = XCBuildConfiguration;
			buildSettings = {
				ALWAYS_SEARCH_USER_PATHS = NO;
				CLANG_ANALYZER_NONNULL = YES;
				CLANG_ANALYZER_NUMBER_OBJECT_CONVERSION = YES_AGGRESSIVE;
				CLANG_CXX_LANGUAGE_STANDARD = "gnu++20";
				CLANG_ENABLE_MODULES = YES;
				CLANG_ENABLE_OBJC_ARC = YES;
				CLANG_ENABLE_OBJC_WEAK = YES;
				CLANG_WARN_BLOCK_CAPTURE_AUTORELEASING = YES;
				CLANG_WARN_BOOL_CONVERSION = YES;
				CLANG_WARN_COMMA = YES;
				CLANG_WARN_CONSTANT_CONVERSION = YES;
				CLANG_WARN_DEPRECATED_OBJC_IMPLEMENTATIONS = YES;
				CLANG_WARN_DIRECT_OBJC_ISA_USAGE = YES_ERROR;
				CLANG_WARN_DOCUMENTATION_COMMENTS = YES;
				CLANG_WARN_EMPTY_BODY = YES;
				CLANG_WARN_ENUM_CONVERSION = YES;
				CLANG_WARN_INFINITE_RECURSION = YES;
				CLANG_WARN_INT_CONVERSION = YES;
				CLANG_WARN_NON_LITERAL_NULL_CONVERSION = YES;
				CLANG_WARN_OBJC_IMPLICIT_RETAIN_SELF = YES;
				CLANG_WARN_OBJC_LITERAL_CONVERSION = YES;
				CLANG_WARN_OBJC_ROOT_CLASS = YES_ERROR;
				CLANG_WARN_QUOTED_INCLUDE_IN_FRAMEWORK_HEADER = YES;
				CLANG_WARN_RANGE_LOOP_ANALYSIS = YES;
				CLANG_WARN_STRICT_PROTOTYPES = YES;
				CLANG_WARN_SUSPICIOUS_MOVE = YES;
				CLANG_WARN_UNGUARDED_AVAILABILITY = YES_AGGRESSIVE;
				CLANG_WARN_UNREACHABLE_CODE = YES;
				CLANG_WARN__DUPLICATE_METHOD_MATCH = YES;
				COPY_PHASE_STRIP = NO;
				DEBUG_INFORMATION_FORMAT = "dwarf-with-dsym";
				ENABLE_NS_ASSERTIONS = NO;
				ENABLE_STRICT_OBJC_MSGSEND = YES;
				GCC_C_LANGUAGE_STANDARD = gnu11;
				GCC_NO_COMMON_BLOCKS = YES;
				GCC_WARN_64_TO_32_BIT_CONVERSION = YES;
				GCC_WARN_ABOUT_RETURN_TYPE = YES_ERROR;
				GCC_WARN_UNDECLARED_SELECTOR = YES;
				GCC_WARN_UNINITIALIZED_AUTOS = YES_AGGRESSIVE;
				GCC_WARN_UNUSED_FUNCTION = YES;
				GCC_WARN_UNUSED_VARIABLE = YES;
				IPHONEOS_DEPLOYMENT_TARGET = 16.1;
				MTL_ENABLE_DEBUG_INFO = NO;
				MTL_FAST_MATH = YES;
				SDKROOT = iphoneos;
				SWIFT_COMPILATION_MODE = wholemodule;
				SWIFT_OPTIMIZATION_LEVEL = "-O";
				VALIDATE_PRODUCT = YES;
			};
			name = Release;
		};
		0815C2C829EF6A360052E5D2 /* Debug */ = {
			isa = XCBuildConfiguration;
			buildSettings = {
				ASSETCATALOG_COMPILER_APPICON_NAME = AppIcon;
				ASSETCATALOG_COMPILER_GLOBAL_ACCENT_COLOR_NAME = AccentColor;
				CODE_SIGN_STYLE = Automatic;
				CURRENT_PROJECT_VERSION = 1;
				GENERATE_INFOPLIST_FILE = YES;
				INFOPLIST_FILE = CineCompass/Info.plist;
				INFOPLIST_KEY_UIApplicationSupportsIndirectInputEvents = YES;
				INFOPLIST_KEY_UILaunchStoryboardName = LaunchScreen;
				INFOPLIST_KEY_UIMainStoryboardFile = Main;
				INFOPLIST_KEY_UISupportedInterfaceOrientations_iPad = "UIInterfaceOrientationPortrait UIInterfaceOrientationPortraitUpsideDown UIInterfaceOrientationLandscapeLeft UIInterfaceOrientationLandscapeRight";
				INFOPLIST_KEY_UISupportedInterfaceOrientations_iPhone = "UIInterfaceOrientationPortrait UIInterfaceOrientationLandscapeLeft UIInterfaceOrientationLandscapeRight";
				LD_RUNPATH_SEARCH_PATHS = (
					"$(inherited)",
					"@executable_path/Frameworks",
				);
				MARKETING_VERSION = 1.0;
				PRODUCT_BUNDLE_IDENTIFIER = mubozk.CineCompass;
				PRODUCT_NAME = "$(TARGET_NAME)";
				SWIFT_EMIT_LOC_STRINGS = YES;
				SWIFT_VERSION = 5.0;
				TARGETED_DEVICE_FAMILY = "1,2";
			};
			name = Debug;
		};
		0815C2C929EF6A360052E5D2 /* Release */ = {
			isa = XCBuildConfiguration;
			buildSettings = {
				ASSETCATALOG_COMPILER_APPICON_NAME = AppIcon;
				ASSETCATALOG_COMPILER_GLOBAL_ACCENT_COLOR_NAME = AccentColor;
				CODE_SIGN_STYLE = Automatic;
				CURRENT_PROJECT_VERSION = 1;
				GENERATE_INFOPLIST_FILE = YES;
				INFOPLIST_FILE = CineCompass/Info.plist;
				INFOPLIST_KEY_UIApplicationSupportsIndirectInputEvents = YES;
				INFOPLIST_KEY_UILaunchStoryboardName = LaunchScreen;
				INFOPLIST_KEY_UIMainStoryboardFile = Main;
				INFOPLIST_KEY_UISupportedInterfaceOrientations_iPad = "UIInterfaceOrientationPortrait UIInterfaceOrientationPortraitUpsideDown UIInterfaceOrientationLandscapeLeft UIInterfaceOrientationLandscapeRight";
				INFOPLIST_KEY_UISupportedInterfaceOrientations_iPhone = "UIInterfaceOrientationPortrait UIInterfaceOrientationLandscapeLeft UIInterfaceOrientationLandscapeRight";
				LD_RUNPATH_SEARCH_PATHS = (
					"$(inherited)",
					"@executable_path/Frameworks",
				);
				MARKETING_VERSION = 1.0;
				PRODUCT_BUNDLE_IDENTIFIER = mubozk.CineCompass;
				PRODUCT_NAME = "$(TARGET_NAME)";
				SWIFT_EMIT_LOC_STRINGS = YES;
				SWIFT_VERSION = 5.0;
				TARGETED_DEVICE_FAMILY = "1,2";
			};
			name = Release;
		};
		0815C2CB29EF6A360052E5D2 /* Debug */ = {
			isa = XCBuildConfiguration;
			buildSettings = {
				ALWAYS_EMBED_SWIFT_STANDARD_LIBRARIES = YES;
				BUNDLE_LOADER = "$(TEST_HOST)";
				CODE_SIGN_STYLE = Automatic;
				CURRENT_PROJECT_VERSION = 1;
				GENERATE_INFOPLIST_FILE = YES;
				IPHONEOS_DEPLOYMENT_TARGET = 16.1;
				MARKETING_VERSION = 1.0;
				PRODUCT_BUNDLE_IDENTIFIER = mubozk.CineCompassTests;
				PRODUCT_NAME = "$(TARGET_NAME)";
				SWIFT_EMIT_LOC_STRINGS = NO;
				SWIFT_VERSION = 5.0;
				TARGETED_DEVICE_FAMILY = "1,2";
				TEST_HOST = "$(BUILT_PRODUCTS_DIR)/CineCompass.app/$(BUNDLE_EXECUTABLE_FOLDER_PATH)/CineCompass";
			};
			name = Debug;
		};
		0815C2CC29EF6A360052E5D2 /* Release */ = {
			isa = XCBuildConfiguration;
			buildSettings = {
				ALWAYS_EMBED_SWIFT_STANDARD_LIBRARIES = YES;
				BUNDLE_LOADER = "$(TEST_HOST)";
				CODE_SIGN_STYLE = Automatic;
				CURRENT_PROJECT_VERSION = 1;
				GENERATE_INFOPLIST_FILE = YES;
				IPHONEOS_DEPLOYMENT_TARGET = 16.1;
				MARKETING_VERSION = 1.0;
				PRODUCT_BUNDLE_IDENTIFIER = mubozk.CineCompassTests;
				PRODUCT_NAME = "$(TARGET_NAME)";
				SWIFT_EMIT_LOC_STRINGS = NO;
				SWIFT_VERSION = 5.0;
				TARGETED_DEVICE_FAMILY = "1,2";
				TEST_HOST = "$(BUILT_PRODUCTS_DIR)/CineCompass.app/$(BUNDLE_EXECUTABLE_FOLDER_PATH)/CineCompass";
			};
			name = Release;
		};
		0815C2CE29EF6A360052E5D2 /* Debug */ = {
			isa = XCBuildConfiguration;
			buildSettings = {
				ALWAYS_EMBED_SWIFT_STANDARD_LIBRARIES = YES;
				CODE_SIGN_STYLE = Automatic;
				CURRENT_PROJECT_VERSION = 1;
				GENERATE_INFOPLIST_FILE = YES;
				MARKETING_VERSION = 1.0;
				PRODUCT_BUNDLE_IDENTIFIER = mubozk.CineCompassUITests;
				PRODUCT_NAME = "$(TARGET_NAME)";
				SWIFT_EMIT_LOC_STRINGS = NO;
				SWIFT_VERSION = 5.0;
				TARGETED_DEVICE_FAMILY = "1,2";
				TEST_TARGET_NAME = CineCompass;
			};
			name = Debug;
		};
		0815C2CF29EF6A360052E5D2 /* Release */ = {
			isa = XCBuildConfiguration;
			buildSettings = {
				ALWAYS_EMBED_SWIFT_STANDARD_LIBRARIES = YES;
				CODE_SIGN_STYLE = Automatic;
				CURRENT_PROJECT_VERSION = 1;
				GENERATE_INFOPLIST_FILE = YES;
				MARKETING_VERSION = 1.0;
				PRODUCT_BUNDLE_IDENTIFIER = mubozk.CineCompassUITests;
				PRODUCT_NAME = "$(TARGET_NAME)";
				SWIFT_EMIT_LOC_STRINGS = NO;
				SWIFT_VERSION = 5.0;
				TARGETED_DEVICE_FAMILY = "1,2";
				TEST_TARGET_NAME = CineCompass;
			};
			name = Release;
		};
/* End XCBuildConfiguration section */

/* Begin XCConfigurationList section */
		0815C29829EF6A340052E5D2 /* Build configuration list for PBXProject "CineCompass" */ = {
			isa = XCConfigurationList;
			buildConfigurations = (
				0815C2C529EF6A360052E5D2 /* Debug */,
				0815C2C629EF6A360052E5D2 /* Release */,
			);
			defaultConfigurationIsVisible = 0;
			defaultConfigurationName = Release;
		};
		0815C2C729EF6A360052E5D2 /* Build configuration list for PBXNativeTarget "CineCompass" */ = {
			isa = XCConfigurationList;
			buildConfigurations = (
				0815C2C829EF6A360052E5D2 /* Debug */,
				0815C2C929EF6A360052E5D2 /* Release */,
			);
			defaultConfigurationIsVisible = 0;
			defaultConfigurationName = Release;
		};
		0815C2CA29EF6A360052E5D2 /* Build configuration list for PBXNativeTarget "CineCompassTests" */ = {
			isa = XCConfigurationList;
			buildConfigurations = (
				0815C2CB29EF6A360052E5D2 /* Debug */,
				0815C2CC29EF6A360052E5D2 /* Release */,
			);
			defaultConfigurationIsVisible = 0;
			defaultConfigurationName = Release;
		};
		0815C2CD29EF6A360052E5D2 /* Build configuration list for PBXNativeTarget "CineCompassUITests" */ = {
			isa = XCConfigurationList;
			buildConfigurations = (
				0815C2CE29EF6A360052E5D2 /* Debug */,
				0815C2CF29EF6A360052E5D2 /* Release */,
			);
			defaultConfigurationIsVisible = 0;
			defaultConfigurationName = Release;
		};
/* End XCConfigurationList section */

/* Begin XCRemoteSwiftPackageReference section */
		0888EABC29FA4CA400F6FAF3 /* XCRemoteSwiftPackageReference "Kingfisher" */ = {
			isa = XCRemoteSwiftPackageReference;
			repositoryURL = "https://github.com/onevcat/Kingfisher";
			requirement = {
				kind = upToNextMajorVersion;
				minimumVersion = 7.0.0;
			};
		};
/* End XCRemoteSwiftPackageReference section */

/* Begin XCSwiftPackageProductDependency section */
		0888EABD29FA4CA400F6FAF3 /* Kingfisher */ = {
			isa = XCSwiftPackageProductDependency;
			package = 0888EABC29FA4CA400F6FAF3 /* XCRemoteSwiftPackageReference "Kingfisher" */;
			productName = Kingfisher;
		};
/* End XCSwiftPackageProductDependency section */
	};
	rootObject = 0815C29529EF6A340052E5D2 /* Project object */;
}
